
Microsoft Visual Studio Solution File, Format Version 12.00
# Visual Studio Version 17
VisualStudioVersion = 17.4.33213.308
MinimumVisualStudioVersion = 10.0.40219.1
Project("{9A19103F-16F7-4668-BE54-9A1E7A4F7556}") = "MS.ASP.NET.Concepts", "MS.ASP.NET.Concepts.csproj", "{1E19FC9C-A663-4114-BE98-3155E0F60E6F}"
EndProject
Project("{9A19103F-16F7-4668-BE54-9A1E7A4F7556}") = "C#Features", "..\C#Features\C#Features.csproj", "{C7E2C802-AB3A-40B1-BF17-9CE3B1A7609C}"
EndProject
Project("{9A19103F-16F7-4668-BE54-9A1E7A4F7556}") = "DesignPatterns", "..\DesignPatterns\DesignPatterns.csproj", "{A946EC4D-4B96-4F17-B5EC-2E0317586A29}"
EndProject
Project("{9A19103F-16F7-4668-BE54-9A1E7A4F7556}") = "EntityFramework", "..\EntityFramework\EntityFramework.csproj", "{9B2B1F21-294D-4488-8F37-BE856F38D910}"
EndProject
Project("{9A19103F-16F7-4668-BE54-9A1E7A4F7556}") = "ObjectOrientedProgramming", "..\ObjectOrientedProgramming\ObjectOrientedProgramming.csproj", "{417CBD69-3AE5-439B-8C85-2168B853AD2D}"
EndProject
Global
	GlobalSection(SolutionConfigurationPlatforms) = preSolution
		Debug|Any CPU = Debug|Any CPU
		Release|Any CPU = Release|Any CPU
	EndGlobalSection
	GlobalSection(ProjectConfigurationPlatforms) = postSolution
		{1E19FC9C-A663-4114-BE98-3155E0F60E6F}.Debug|Any CPU.ActiveCfg = Debug|Any CPU
		{1E19FC9C-A663-4114-BE98-3155E0F60E6F}.Debug|Any CPU.Build.0 = Debug|Any CPU
		{1E19FC9C-A663-4114-BE98-3155E0F60E6F}.Release|Any CPU.ActiveCfg = Release|Any CPU
		{1E19FC9C-A663-4114-BE98-3155E0F60E6F}.Release|Any CPU.Build.0 = Release|Any CPU
		{C7E2C802-AB3A-40B1-BF17-9CE3B1A7609C}.Debug|Any CPU.ActiveCfg = Debug|Any CPU
		{C7E2C802-AB3A-40B1-BF17-9CE3B1A7609C}.Debug|Any CPU.Build.0 = Debug|Any CPU
		{C7E2C802-AB3A-40B1-BF17-9CE3B1A7609C}.Release|Any CPU.ActiveCfg = Release|Any CPU
		{C7E2C802-AB3A-40B1-BF17-9CE3B1A7609C}.Release|Any CPU.Build.0 = Release|Any CPU
		{A946EC4D-4B96-4F17-B5EC-2E0317586A29}.Debug|Any CPU.ActiveCfg = Debug|Any CPU
		{A946EC4D-4B96-4F17-B5EC-2E0317586A29}.Debug|Any CPU.Build.0 = Debug|Any CPU
		{A946EC4D-4B96-4F17-B5EC-2E0317586A29}.Release|Any CPU.ActiveCfg = Release|Any CPU
		{A946EC4D-4B96-4F17-B5EC-2E0317586A29}.Release|Any CPU.Build.0 = Release|Any CPU
		{9B2B1F21-294D-4488-8F37-BE856F38D910}.Debug|Any CPU.ActiveCfg = Debug|Any CPU
		{9B2B1F21-294D-4488-8F37-BE856F38D910}.Debug|Any CPU.Build.0 = Debug|Any CPU
		{9B2B1F21-294D-4488-8F37-BE856F38D910}.Release|Any CPU.ActiveCfg = Release|Any CPU
		{9B2B1F21-294D-4488-8F37-BE856F38D910}.Release|Any CPU.Build.0 = Release|Any CPU
		{417CBD69-3AE5-439B-8C85-2168B853AD2D}.Debug|Any CPU.ActiveCfg = Debug|Any CPU
		{417CBD69-3AE5-439B-8C85-2168B853AD2D}.Debug|Any CPU.Build.0 = Debug|Any CPU
		{417CBD69-3AE5-439B-8C85-2168B853AD2D}.Release|Any CPU.ActiveCfg = Release|Any CPU
		{417CBD69-3AE5-439B-8C85-2168B853AD2D}.Release|Any CPU.Build.0 = Release|Any CPU
	EndGlobalSection
	GlobalSection(SolutionProperties) = preSolution
		HideSolutionNode = FALSE
	EndGlobalSection
	GlobalSection(ExtensibilityGlobals) = postSolution
		SolutionGuid = {305FE919-9325-4307-9A7F-02407E6AB7C7}
	EndGlobalSection
EndGlobal
